// !$*UTF8*$!
{
	archiveVersion = 1;
	classes = {
	};
	objectVersion = 46;
	objects = {

/* Begin PBXBuildFile section */
		90683F4F1BE15AFF00DAF304 /* AppDelegate.swift in Sources */ = {isa = PBXBuildFile; fileRef = 90683F4E1BE15AFF00DAF304 /* AppDelegate.swift */; };
		90683F511BE15AFF00DAF304 /* ViewController.swift in Sources */ = {isa = PBXBuildFile; fileRef = 90683F501BE15AFF00DAF304 /* ViewController.swift */; };
		90683F541BE15AFF00DAF304 /* Main.storyboard in Resources */ = {isa = PBXBuildFile; fileRef = 90683F521BE15AFF00DAF304 /* Main.storyboard */; };
		90683F561BE15AFF00DAF304 /* Assets.xcassets in Resources */ = {isa = PBXBuildFile; fileRef = 90683F551BE15AFF00DAF304 /* Assets.xcassets */; };
		90683F591BE15AFF00DAF304 /* LaunchScreen.storyboard in Resources */ = {isa = PBXBuildFile; fileRef = 90683F571BE15AFF00DAF304 /* LaunchScreen.storyboard */; };
/* End PBXBuildFile section */

/* Begin PBXFileReference section */
		90683F4B1BE15AFF00DAF304 /* GitImageAssests.app */ = {isa = PBXFileReference; explicitFileType = wrapper.application; includeInIndex = 0; path = GitImageAssests.app; sourceTree = BUILT_PRODUCTS_DIR; };
		90683F4E1BE15AFF00DAF304 /* AppDelegate.swift */ = {isa = PBXFileReference; lastKnownFileType = sourcecode.swift; path = AppDelegate.swift; sourceTree = "<group>"; };
		90683F501BE15AFF00DAF304 /* ViewController.swift */ = {isa = PBXFileReference; lastKnownFileType = sourcecode.swift; path = ViewController.swift; sourceTree = "<group>"; };
		90683F531BE15AFF00DAF304 /* Base */ = {isa = PBXFileReference; lastKnownFileType = file.storyboard; name = Base; path = Base.lproj/Main.storyboard; sourceTree = "<group>"; };
		90683F551BE15AFF00DAF304 /* Assets.xcassets */ = {isa = PBXFileReference; lastKnownFileType = folder.assetcatalog; path = Assets.xcassets; sourceTree = "<group>"; };
		90683F581BE15AFF00DAF304 /* Base */ = {isa = PBXFileReference; lastKnownFileType = file.storyboard; name = Base; path = Base.lproj/LaunchScreen.storyboard; sourceTree = "<group>"; };
		90683F5A1BE15AFF00DAF304 /* Info.plist */ = {isa = PBXFileReference; lastKnownFileType = text.plist.xml; path = Info.plist; sourceTree = "<group>"; };
/* End PBXFileReference section */

/* Begin PBXFrameworksBuildPhase section */
		90683F481BE15AFF00DAF304 /* Frameworks */ = {
			isa = PBXFrameworksBuildPhase;
			buildActionMask = 2147483647;
			files = (
			);
			runOnlyForDeploymentPostprocessing = 0;
		};
/* End PBXFrameworksBuildPhase section */

/* Begin PBXGroup section */
		90683F421BE15AFF00DAF304 = {
			isa = PBXGroup;
			children = (
				90683F4D1BE15AFF00DAF304 /* GitImageAssests */,
				90683F4C1BE15AFF00DAF304 /* Products */,
			);
			sourceTree = "<group>";
		};
		90683F4C1BE15AFF00DAF304 /* Products */ = {
			isa = PBXGroup;
			children = (
				90683F4B1BE15AFF00DAF304 /* GitImageAssests.app */,
			);
			name = Products;
			sourceTree = "<group>";
		};
		90683F4D1BE15AFF00DAF304 /* GitImageAssests */ = {
			isa = PBXGroup;
			children = (
				90683F4E1BE15AFF00DAF304 /* AppDelegate.swift */,
				90683F501BE15AFF00DAF304 /* ViewController.swift */,
				90683F521BE15AFF00DAF304 /* Main.storyboard */,
				90683F551BE15AFF00DAF304 /* Assets.xcassets */,
				90683F571BE15AFF00DAF304 /* LaunchScreen.storyboard */,
				90683F5A1BE15AFF00DAF304 /* Info.plist */,
			);
			path = GitImageAssests;
			sourceTree = "<group>";
		};
/* End PBXGroup section */

/* Begin PBXNativeTarget section */
		90683F4A1BE15AFF00DAF304 /* GitImageAssests */ = {
			isa = PBXNativeTarget;
			buildConfigurationList = 90683F5D1BE15AFF00DAF304 /* Build configuration list for PBXNativeTarget "GitImageAssests" */;
			buildPhases = (
				90683F471BE15AFF00DAF304 /* Sources */,
				90683F481BE15AFF00DAF304 /* Frameworks */,
				90683F491BE15AFF00DAF304 /* Resources */,
			);
			buildRules = (
			);
			dependencies = (
			);
			name = GitImageAssests;
			productName = GitImageAssests;
			productReference = 90683F4B1BE15AFF00DAF304 /* GitImageAssests.app */;
			productType = "com.apple.product-type.application";
		};
/* End PBXNativeTarget section */

/* Begin PBXProject section */
		90683F431BE15AFF00DAF304 /* Project object */ = {
			isa = PBXProject;
			attributes = {
				LastSwiftUpdateCheck = 0710;
				LastUpgradeCheck = 0710;
				ORGANIZATIONNAME = "Huai-Che Lu";
				TargetAttributes = {
					90683F4A1BE15AFF00DAF304 = {
						CreatedOnToolsVersion = 7.1;
						DevelopmentTeam = 5LEMESW6GH;
					};
				};
			};
			buildConfigurationList = 90683F461BE15AFF00DAF304 /* Build configuration list for PBXProject "GitImageAssests" */;
			compatibilityVersion = "Xcode 3.2";
			developmentRegion = English;
			hasScannedForEncodings = 0;
			knownRegions = (
				en,
				Base,
			);
			mainGroup = 90683F421BE15AFF00DAF304;
			productRefGroup = 90683F4C1BE15AFF00DAF304 /* Products */;
			projectDirPath = "";
			projectRoot = "";
			targets = (
				90683F4A1BE15AFF00DAF304 /* GitImageAssests */,
			);
		};
/* End PBXProject section */

/* Begin PBXResourcesBuildPhase section */
		90683F491BE15AFF00DAF304 /* Resources */ = {
			isa = PBXResourcesBuildPhase;
			buildActionMask = 2147483647;
			files = (
				90683F591BE15AFF00DAF304 /* LaunchScreen.storyboard in Resources */,
				90683F561BE15AFF00DAF304 /* Assets.xcassets in Resources */,
				90683F541BE15AFF00DAF304 /* Main.storyboard in Resources */,
			);
			runOnlyForDeploymentPostprocessing = 0;
		};
/* End PBXResourcesBuildPhase section */

/* Begin PBXSourcesBuildPhase section */
		90683F471BE15AFF00DAF304 /* Sources */ = {
			isa = PBXSourcesBuildPhase;
			buildActionMask = 2147483647;
			files = (
				90683F511BE15AFF00DAF304 /* ViewController.swift in Sources */,
				90683F4F1BE15AFF00DAF304 /* AppDelegate.swift in Sources */,
			);
			runOnlyForDeploymentPostprocessing = 0;
		};
/* End PBXSourcesBuildPhase section */

/* Begin PBXVariantGroup section */
		90683F521BE15AFF00DAF304 /* Main.storyboard */ = {
			isa = PBXVariantGroup;
			children = (
				90683F531BE15AFF00DAF304 /* Base */,
			);
			name = Main.storyboard;
			sourceTree = "<group>";
		};
		90683F571BE15AFF00DAF304 /* LaunchScreen.storyboard */ = {
			isa = PBXVariantGroup;
			children = (
				90683F581BE15AFF00DAF304 /* Base */,
			);
			name = LaunchScreen.storyboard;
			sourceTree = "<group>";
		};
/* End PBXVariantGroup section */

/* Begin XCBuildConfiguration section */
		90683F5B1BE15AFF00DAF304 /* Debug */ = {
			isa = XCBuildConfiguration;
			buildSettings = {
				ALWAYS_SEARCH_USER_PATHS = NO;
				CLANG_CXX_LANGUAGE_STANDARD = "gnu++0x";
				CLANG_CXX_LIBRARY = "libc++";
				CLANG_ENABLE_MODULES = YES;
				CLANG_ENABLE_OBJC_ARC = YES;
				CLANG_WARN_BOOL_CONVERSION = YES;
				CLANG_WARN_CONSTANT_CONVERSION = YES;
				CLANG_WARN_DIRECT_OBJC_ISA_USAGE = YES_ERROR;
				CLANG_WARN_EMPTY_BODY = YES;
				CLANG_WARN_ENUM_CONVERSION = YES;
				CLANG_WARN_INT_CONVERSION = YES;
				CLANG_WARN_OBJC_ROOT_CLASS = YES_ERROR;
				CLANG_WARN_UNREACHABLE_CODE = YES;
				CLANG_WARN__DUPLICATE_METHOD_MATCH = YES;
				"CODE_SIGN_IDENTITY[sdk=iphoneos*]" = "iPhone Developer";
				COPY_PHASE_STRIP = NO;
				DEBUG_INFORMATION_FORMAT = dwarf;
				ENABLE_STRICT_OBJC_MSGSEND = YES;
				ENABLE_TESTABILITY = YES;
				GCC_C_LANGUAGE_STANDARD = gnu99;
				GCC_DYNAMIC_NO_PIC = NO;
				GCC_NO_COMMON_BLOCKS = YES;
				GCC_OPTIMIZATION_LEVEL = 0;
				GCC_PREPROCESSOR_DEFINITIONS = (
					"DEBUG=1",
					"$(inherited)",
				);
				GCC_WARN_64_TO_32_BIT_CONVERSION = YES;
				GCC_WARN_ABOUT_RETURN_TYPE = YES_ERROR;
				GCC_WARN_UNDECLARED_SELECTOR = YES;
				GCC_WARN_UNINITIALIZED_AUTOS = YES_AGGRESSIVE;
				GCC_WARN_UNUSED_FUNCTION = YES;
				GCC_WARN_UNUSED_VARIABLE = YES;
				IPHONEOS_DEPLOYMENT_TARGET = 9.1;
				MTL_ENABLE_DEBUG_INFO = YES;
				ONLY_ACTIVE_ARCH = YES;
				SDKROOT = iphoneos;
				SWIFT_OPTIMIZATION_LEVEL = "-Onone";
			};
			name = Debug;
		};
		90683F5C1BE15AFF00DAF304 /* Release */ = {
			isa = XCBuildConfiguration;
			buildSettings = {
				ALWAYS_SEARCH_USER_PATHS = NO;
				CLANG_CXX_LANGUAGE_STANDARD = "gnu++0x";
				CLANG_CXX_LIBRARY = "libc++";
				CLANG_ENABLE_MODULES = YES;
				CLANG_ENABLE_OBJC_ARC = YES;
				CLANG_WARN_BOOL_CONVERSION = YES;
				CLANG_WARN_CONSTANT_CONVERSION = YES;
				CLANG_WARN_DIRECT_OBJC_ISA_USAGE = YES_ERROR;
				CLANG_WARN_EMPTY_BODY = YES;
				CLANG_WARN_ENUM_CONVERSION = YES;
				CLANG_WARN_INT_CONVERSION = YES;
				CLANG_WARN_OBJC_ROOT_CLASS = YES_ERROR;
				CLANG_WARN_UNREACHABLE_CODE = YES;
				CLANG_WARN__DUPLICATE_METHOD_MATCH = YES;
				"CODE_SIGN_IDENTITY[sdk=iphoneos*]" = "iPhone Developer";
				COPY_PHASE_STRIP = NO;
				DEBUG_INFORMATION_FORMAT = "dwarf-with-dsym";
				ENABLE_NS_ASSERTIONS = NO;
				ENABLE_STRICT_OBJC_MSGSEND = YES;
				GCC_C_LANGUAGE_STANDARD = gnu99;
				GCC_NO_COMMON_BLOCKS = YES;
				GCC_WARN_64_TO_32_BIT_CONVERSION = YES;
				GCC_WARN_ABOUT_RETURN_TYPE = YES_ERROR;
				GCC_WARN_UNDECLARED_SELECTOR = YES;
				GCC_WARN_UNINITIALIZED_AUTOS = YES_AGGRESSIVE;
				GCC_WARN_UNUSED_FUNCTION = YES;
				GCC_WARN_UNUSED_VARIABLE = YES;
				IPHONEOS_DEPLOYMENT_TARGET = 9.1;
				MTL_ENABLE_DEBUG_INFO = NO;
				SDKROOT = iphoneos;
				VALIDATE_PRODUCT = YES;
			};
			name = Release;
		};
		90683F5E1BE15AFF00DAF304 /* Debug */ = {
			isa = XCBuildConfiguration;
			buildSettings = {
				ASSETCATALOG_COMPILER_APPICON_NAME = AppIcon;
				INFOPLIST_FILE = GitImageAssests/Info.plist;
				LD_RUNPATH_SEARCH_PATHS = "$(inherited) @executable_path/Frameworks";
				PRODUCT_BUNDLE_IDENTIFIER = com.acsalu.GitImageAssests;
				PRODUCT_NAME = "$(TARGET_NAME)";
			};
			name = Debug;
		};
		90683F5F1BE15AFF00DAF304 /* Release */ = {
			isa = XCBuildConfiguration;
			buildSettings = {
				ASSETCATALOG_COMPILER_APPICON_NAME = AppIcon;
				INFOPLIST_FILE = GitImageAssests/Info.plist;
				LD_RUNPATH_SEARCH_PATHS = "$(inherited) @executable_path/Frameworks";
				PRODUCT_BUNDLE_IDENTIFIER = com.acsalu.GitImageAssests;
				PRODUCT_NAME = "$(TARGET_NAME)";
			};
			name = Release;
		};
/* End XCBuildConfiguration section */

/* Begin XCConfigurationList section */
		90683F461BE15AFF00DAF304 /* Build configuration list for PBXProject "GitImageAssests" */ = {
			isa = XCConfigurationList;
			buildConfigurations = (
				90683F5B1BE15AFF00DAF304 /* Debug */,
				90683F5C1BE15AFF00DAF304 /* Release */,
			);
			defaultConfigurationIsVisible = 0;
			defaultConfigurationName = Release;
		};
		90683F5D1BE15AFF00DAF304 /* Build configuration list for PBXNativeTarget "GitImageAssests" */ = {
			isa = XCConfigurationList;
			buildConfigurations = (
				90683F5E1BE15AFF00DAF304 /* Debug */,
				90683F5F1BE15AFF00DAF304 /* Release */,
			);
			defaultConfigurationIsVisible = 0;
		};
/* End XCConfigurationList section */
	};
	rootObject = 90683F431BE15AFF00DAF304 /* Project object */;
}
